// !$*UTF8*$!
{
	archiveVersion = 1;
	classes = {
	};
	objectVersion = 48;
	objects = {

/* Begin PBXBuildFile section */
		F321A327201432CF00FA93CF /* story1.png in Resources */ = {isa = PBXBuildFile; fileRef = F321A326201432CF00FA93CF /* story1.png */; };
		F321A3292014571400FA93CF /* FaceAreaButton.swift in Sources */ = {isa = PBXBuildFile; fileRef = F321A3282014571400FA93CF /* FaceAreaButton.swift */; };
		F3D15461200EDA4B00CD1551 /* AppDelegate.swift in Sources */ = {isa = PBXBuildFile; fileRef = F3D15460200EDA4B00CD1551 /* AppDelegate.swift */; };
		F3D15463200EDA4B00CD1551 /* ViewController.swift in Sources */ = {isa = PBXBuildFile; fileRef = F3D15462200EDA4B00CD1551 /* ViewController.swift */; };
		F3D15466200EDA4B00CD1551 /* Main.storyboard in Resources */ = {isa = PBXBuildFile; fileRef = F3D15464200EDA4B00CD1551 /* Main.storyboard */; };
		F3D15468200EDA4B00CD1551 /* Assets.xcassets in Resources */ = {isa = PBXBuildFile; fileRef = F3D15467200EDA4B00CD1551 /* Assets.xcassets */; };
		F3D1546B200EDA4B00CD1551 /* LaunchScreen.storyboard in Resources */ = {isa = PBXBuildFile; fileRef = F3D15469200EDA4B00CD1551 /* LaunchScreen.storyboard */; };
		F3D15476200EDA4B00CD1551 /* FaceMaker_StoryTests.swift in Sources */ = {isa = PBXBuildFile; fileRef = F3D15475200EDA4B00CD1551 /* FaceMaker_StoryTests.swift */; };
		F3D15481200EDA4B00CD1551 /* FaceMaker_StoryUITests.swift in Sources */ = {isa = PBXBuildFile; fileRef = F3D15480200EDA4B00CD1551 /* FaceMaker_StoryUITests.swift */; };
/* End PBXBuildFile section */

/* Begin PBXContainerItemProxy section */
		F3D15472200EDA4B00CD1551 /* PBXContainerItemProxy */ = {
			isa = PBXContainerItemProxy;
			containerPortal = F3D15455200EDA4B00CD1551 /* Project object */;
			proxyType = 1;
			remoteGlobalIDString = F3D1545C200EDA4B00CD1551;
			remoteInfo = FaceMaker_Story;
		};
		F3D1547D200EDA4B00CD1551 /* PBXContainerItemProxy */ = {
			isa = PBXContainerItemProxy;
			containerPortal = F3D15455200EDA4B00CD1551 /* Project object */;
			proxyType = 1;
			remoteGlobalIDString = F3D1545C200EDA4B00CD1551;
			remoteInfo = FaceMaker_Story;
		};
/* End PBXContainerItemProxy section */

/* Begin PBXFileReference section */
		F321A326201432CF00FA93CF /* story1.png */ = {isa = PBXFileReference; lastKnownFileType = image.png; path = story1.png; sourceTree = "<group>"; };
		F321A3282014571400FA93CF /* FaceAreaButton.swift */ = {isa = PBXFileReference; lastKnownFileType = sourcecode.swift; path = FaceAreaButton.swift; sourceTree = "<group>"; };
		F3D1545D200EDA4B00CD1551 /* FaceMaker_Story.app */ = {isa = PBXFileReference; explicitFileType = wrapper.application; includeInIndex = 0; path = FaceMaker_Story.app; sourceTree = BUILT_PRODUCTS_DIR; };
		F3D15460200EDA4B00CD1551 /* AppDelegate.swift */ = {isa = PBXFileReference; lastKnownFileType = sourcecode.swift; path = AppDelegate.swift; sourceTree = "<group>"; };
		F3D15462200EDA4B00CD1551 /* ViewController.swift */ = {isa = PBXFileReference; lastKnownFileType = sourcecode.swift; path = ViewController.swift; sourceTree = "<group>"; };
		F3D15465200EDA4B00CD1551 /* Base */ = {isa = PBXFileReference; lastKnownFileType = file.storyboard; name = Base; path = Base.lproj/Main.storyboard; sourceTree = "<group>"; };
		F3D15467200EDA4B00CD1551 /* Assets.xcassets */ = {isa = PBXFileReference; lastKnownFileType = folder.assetcatalog; path = Assets.xcassets; sourceTree = "<group>"; };
		F3D1546A200EDA4B00CD1551 /* Base */ = {isa = PBXFileReference; lastKnownFileType = file.storyboard; name = Base; path = Base.lproj/LaunchScreen.storyboard; sourceTree = "<group>"; };
		F3D1546C200EDA4B00CD1551 /* Info.plist */ = {isa = PBXFileReference; lastKnownFileType = text.plist.xml; path = Info.plist; sourceTree = "<group>"; };
		F3D15471200EDA4B00CD1551 /* FaceMaker_StoryTests.xctest */ = {isa = PBXFileReference; explicitFileType = wrapper.cfbundle; includeInIndex = 0; path = FaceMaker_StoryTests.xctest; sourceTree = BUILT_PRODUCTS_DIR; };
		F3D15475200EDA4B00CD1551 /* FaceMaker_StoryTests.swift */ = {isa = PBXFileReference; lastKnownFileType = sourcecode.swift; path = FaceMaker_StoryTests.swift; sourceTree = "<group>"; };
		F3D15477200EDA4B00CD1551 /* Info.plist */ = {isa = PBXFileReference; lastKnownFileType = text.plist.xml; path = Info.plist; sourceTree = "<group>"; };
		F3D1547C200EDA4B00CD1551 /* FaceMaker_StoryUITests.xctest */ = {isa = PBXFileReference; explicitFileType = wrapper.cfbundle; includeInIndex = 0; path = FaceMaker_StoryUITests.xctest; sourceTree = BUILT_PRODUCTS_DIR; };
		F3D15480200EDA4B00CD1551 /* FaceMaker_StoryUITests.swift */ = {isa = PBXFileReference; lastKnownFileType = sourcecode.swift; path = FaceMaker_StoryUITests.swift; sourceTree = "<group>"; };
		F3D15482200EDA4B00CD1551 /* Info.plist */ = {isa = PBXFileReference; lastKnownFileType = text.plist.xml; path = Info.plist; sourceTree = "<group>"; };
/* End PBXFileReference section */

/* Begin PBXFrameworksBuildPhase section */
		F3D1545A200EDA4B00CD1551 /* Frameworks */ = {
			isa = PBXFrameworksBuildPhase;
			buildActionMask = 2147483647;
			files = (
			);
			runOnlyForDeploymentPostprocessing = 0;
		};
		F3D1546E200EDA4B00CD1551 /* Frameworks */ = {
			isa = PBXFrameworksBuildPhase;
			buildActionMask = 2147483647;
			files = (
			);
			runOnlyForDeploymentPostprocessing = 0;
		};
		F3D15479200EDA4B00CD1551 /* Frameworks */ = {
			isa = PBXFrameworksBuildPhase;
			buildActionMask = 2147483647;
			files = (
			);
			runOnlyForDeploymentPostprocessing = 0;
		};
/* End PBXFrameworksBuildPhase section */

/* Begin PBXGroup section */
		F3D15454200EDA4B00CD1551 = {
			isa = PBXGroup;
			children = (
				F3D1545F200EDA4B00CD1551 /* FaceMaker_Story */,
				F3D15474200EDA4B00CD1551 /* FaceMaker_StoryTests */,
				F3D1547F200EDA4B00CD1551 /* FaceMaker_StoryUITests */,
				F3D1545E200EDA4B00CD1551 /* Products */,
			);
			sourceTree = "<group>";
		};
		F3D1545E200EDA4B00CD1551 /* Products */ = {
			isa = PBXGroup;
			children = (
				F3D1545D200EDA4B00CD1551 /* FaceMaker_Story.app */,
				F3D15471200EDA4B00CD1551 /* FaceMaker_StoryTests.xctest */,
				F3D1547C200EDA4B00CD1551 /* FaceMaker_StoryUITests.xctest */,
			);
			name = Products;
			sourceTree = "<group>";
		};
		F3D1545F200EDA4B00CD1551 /* FaceMaker_Story */ = {
			isa = PBXGroup;
			children = (
				F3D15460200EDA4B00CD1551 /* AppDelegate.swift */,
				F3D15462200EDA4B00CD1551 /* ViewController.swift */,
				F321A3282014571400FA93CF /* FaceAreaButton.swift */,
				F3D15464200EDA4B00CD1551 /* Main.storyboard */,
				F3D15467200EDA4B00CD1551 /* Assets.xcassets */,
				F3D15469200EDA4B00CD1551 /* LaunchScreen.storyboard */,
				F3D1546C200EDA4B00CD1551 /* Info.plist */,
				F321A326201432CF00FA93CF /* story1.png */,
			);
			path = FaceMaker_Story;
			sourceTree = "<group>";
		};
		F3D15474200EDA4B00CD1551 /* FaceMaker_StoryTests */ = {
			isa = PBXGroup;
			children = (
				F3D15475200EDA4B00CD1551 /* FaceMaker_StoryTests.swift */,
				F3D15477200EDA4B00CD1551 /* Info.plist */,
			);
			path = FaceMaker_StoryTests;
			sourceTree = "<group>";
		};
		F3D1547F200EDA4B00CD1551 /* FaceMaker_StoryUITests */ = {
			isa = PBXGroup;
			children = (
				F3D15480200EDA4B00CD1551 /* FaceMaker_StoryUITests.swift */,
				F3D15482200EDA4B00CD1551 /* Info.plist */,
			);
			path = FaceMaker_StoryUITests;
			sourceTree = "<group>";
		};
/* End PBXGroup section */

/* Begin PBXNativeTarget section */
		F3D1545C200EDA4B00CD1551 /* FaceMaker_Story */ = {
			isa = PBXNativeTarget;
			buildConfigurationList = F3D15485200EDA4B00CD1551 /* Build configuration list for PBXNativeTarget "FaceMaker_Story" */;
			buildPhases = (
				F3D15459200EDA4B00CD1551 /* Sources */,
				F3D1545A200EDA4B00CD1551 /* Frameworks */,
				F3D1545B200EDA4B00CD1551 /* Resources */,
			);
			buildRules = (
			);
			dependencies = (
			);
			name = FaceMaker_Story;
			productName = FaceMaker_Story;
			productReference = F3D1545D200EDA4B00CD1551 /* FaceMaker_Story.app */;
			productType = "com.apple.product-type.application";
		};
		F3D15470200EDA4B00CD1551 /* FaceMaker_StoryTests */ = {
			isa = PBXNativeTarget;
			buildConfigurationList = F3D15488200EDA4B00CD1551 /* Build configuration list for PBXNativeTarget "FaceMaker_StoryTests" */;
			buildPhases = (
				F3D1546D200EDA4B00CD1551 /* Sources */,
				F3D1546E200EDA4B00CD1551 /* Frameworks */,
				F3D1546F200EDA4B00CD1551 /* Resources */,
			);
			buildRules = (
			);
			dependencies = (
				F3D15473200EDA4B00CD1551 /* PBXTargetDependency */,
			);
			name = FaceMaker_StoryTests;
			productName = FaceMaker_StoryTests;
			productReference = F3D15471200EDA4B00CD1551 /* FaceMaker_StoryTests.xctest */;
			productType = "com.apple.product-type.bundle.unit-test";
		};
		F3D1547B200EDA4B00CD1551 /* FaceMaker_StoryUITests */ = {
			isa = PBXNativeTarget;
			buildConfigurationList = F3D1548B200EDA4B00CD1551 /* Build configuration list for PBXNativeTarget "FaceMaker_StoryUITests" */;
			buildPhases = (
				F3D15478200EDA4B00CD1551 /* Sources */,
				F3D15479200EDA4B00CD1551 /* Frameworks */,
				F3D1547A200EDA4B00CD1551 /* Resources */,
			);
			buildRules = (
			);
			dependencies = (
				F3D1547E200EDA4B00CD1551 /* PBXTargetDependency */,
			);
			name = FaceMaker_StoryUITests;
			productName = FaceMaker_StoryUITests;
			productReference = F3D1547C200EDA4B00CD1551 /* FaceMaker_StoryUITests.xctest */;
			productType = "com.apple.product-type.bundle.ui-testing";
		};
/* End PBXNativeTarget section */

/* Begin PBXProject section */
		F3D15455200EDA4B00CD1551 /* Project object */ = {
			isa = PBXProject;
			attributes = {
				LastSwiftUpdateCheck = 0920;
				LastUpgradeCheck = 0920;
				ORGANIZATIONNAME = "Jonggi Hong";
				TargetAttributes = {
					F3D1545C200EDA4B00CD1551 = {
						CreatedOnToolsVersion = 9.2;
						ProvisioningStyle = Automatic;
					};
					F3D15470200EDA4B00CD1551 = {
						CreatedOnToolsVersion = 9.2;
						ProvisioningStyle = Automatic;
						TestTargetID = F3D1545C200EDA4B00CD1551;
					};
					F3D1547B200EDA4B00CD1551 = {
						CreatedOnToolsVersion = 9.2;
						ProvisioningStyle = Automatic;
						TestTargetID = F3D1545C200EDA4B00CD1551;
					};
				};
			};
			buildConfigurationList = F3D15458200EDA4B00CD1551 /* Build configuration list for PBXProject "FaceMaker_Story" */;
			compatibilityVersion = "Xcode 8.0";
			developmentRegion = en;
			hasScannedForEncodings = 0;
			knownRegions = (
				en,
				Base,
			);
			mainGroup = F3D15454200EDA4B00CD1551;
			productRefGroup = F3D1545E200EDA4B00CD1551 /* Products */;
			projectDirPath = "";
			projectRoot = "";
			targets = (
				F3D1545C200EDA4B00CD1551 /* FaceMaker_Story */,
				F3D15470200EDA4B00CD1551 /* FaceMaker_StoryTests */,
				F3D1547B200EDA4B00CD1551 /* FaceMaker_StoryUITests */,
			);
		};
/* End PBXProject section */

/* Begin PBXResourcesBuildPhase section */
		F3D1545B200EDA4B00CD1551 /* Resources */ = {
			isa = PBXResourcesBuildPhase;
			buildActionMask = 2147483647;
			files = (
				F3D1546B200EDA4B00CD1551 /* LaunchScreen.storyboard in Resources */,
				F3D15468200EDA4B00CD1551 /* Assets.xcassets in Resources */,
				F3D15466200EDA4B00CD1551 /* Main.storyboard in Resources */,
				F321A327201432CF00FA93CF /* story1.png in Resources */,
			);
			runOnlyForDeploymentPostprocessing = 0;
		};
		F3D1546F200EDA4B00CD1551 /* Resources */ = {
			isa = PBXResourcesBuildPhase;
			buildActionMask = 2147483647;
			files = (
			);
			runOnlyForDeploymentPostprocessing = 0;
		};
		F3D1547A200EDA4B00CD1551 /* Resources */ = {
			isa = PBXResourcesBuildPhase;
			buildActionMask = 2147483647;
			files = (
			);
			runOnlyForDeploymentPostprocessing = 0;
		};
/* End PBXResourcesBuildPhase section */

/* Begin PBXSourcesBuildPhase section */
		F3D15459200EDA4B00CD1551 /* Sources */ = {
			isa = PBXSourcesBuildPhase;
			buildActionMask = 2147483647;
			files = (
				F3D15463200EDA4B00CD1551 /* ViewController.swift in Sources */,
				F3D15461200EDA4B00CD1551 /* AppDelegate.swift in Sources */,
				F321A3292014571400FA93CF /* FaceAreaButton.swift in Sources */,
			);
			runOnlyForDeploymentPostprocessing = 0;
		};
		F3D1546D200EDA4B00CD1551 /* Sources */ = {
			isa = PBXSourcesBuildPhase;
			buildActionMask = 2147483647;
			files = (
				F3D15476200EDA4B00CD1551 /* FaceMaker_StoryTests.swift in Sources */,
			);
			runOnlyForDeploymentPostprocessing = 0;
		};
		F3D15478200EDA4B00CD1551 /* Sources */ = {
			isa = PBXSourcesBuildPhase;
			buildActionMask = 2147483647;
			files = (
				F3D15481200EDA4B00CD1551 /* FaceMaker_StoryUITests.swift in Sources */,
			);
			runOnlyForDeploymentPostprocessing = 0;
		};
/* End PBXSourcesBuildPhase section */

/* Begin PBXTargetDependency section */
		F3D15473200EDA4B00CD1551 /* PBXTargetDependency */ = {
			isa = PBXTargetDependency;
			target = F3D1545C200EDA4B00CD1551 /* FaceMaker_Story */;
			targetProxy = F3D15472200EDA4B00CD1551 /* PBXContainerItemProxy */;
		};
		F3D1547E200EDA4B00CD1551 /* PBXTargetDependency */ = {
			isa = PBXTargetDependency;
			target = F3D1545C200EDA4B00CD1551 /* FaceMaker_Story */;
			targetProxy = F3D1547D200EDA4B00CD1551 /* PBXContainerItemProxy */;
		};
/* End PBXTargetDependency section */

/* Begin PBXVariantGroup section */
		F3D15464200EDA4B00CD1551 /* Main.storyboard */ = {
			isa = PBXVariantGroup;
			children = (
				F3D15465200EDA4B00CD1551 /* Base */,
			);
			name = Main.storyboard;
			sourceTree = "<group>";
		};
		F3D15469200EDA4B00CD1551 /* LaunchScreen.storyboard */ = {
			isa = PBXVariantGroup;
			children = (
				F3D1546A200EDA4B00CD1551 /* Base */,
			);
			name = LaunchScreen.storyboard;
			sourceTree = "<group>";
		};
/* End PBXVariantGroup section */

/* Begin XCBuildConfiguration section */
		F3D15483200EDA4B00CD1551 /* Debug */ = {
			isa = XCBuildConfiguration;
			buildSettings = {
				ALWAYS_SEARCH_USER_PATHS = NO;
				CLANG_ANALYZER_NONNULL = YES;
				CLANG_ANALYZER_NUMBER_OBJECT_CONVERSION = YES_AGGRESSIVE;
				CLANG_CXX_LANGUAGE_STANDARD = "gnu++14";
				CLANG_CXX_LIBRARY = "libc++";
				CLANG_ENABLE_MODULES = YES;
				CLANG_ENABLE_OBJC_ARC = YES;
				CLANG_WARN_BLOCK_CAPTURE_AUTORELEASING = YES;
				CLANG_WARN_BOOL_CONVERSION = YES;
				CLANG_WARN_COMMA = YES;
				CLANG_WARN_CONSTANT_CONVERSION = YES;
				CLANG_WARN_DIRECT_OBJC_ISA_USAGE = YES_ERROR;
				CLANG_WARN_DOCUMENTATION_COMMENTS = YES;
				CLANG_WARN_EMPTY_BODY = YES;
				CLANG_WARN_ENUM_CONVERSION = YES;
				CLANG_WARN_INFINITE_RECURSION = YES;
				CLANG_WARN_INT_CONVERSION = YES;
				CLANG_WARN_NON_LITERAL_NULL_CONVERSION = YES;
				CLANG_WARN_OBJC_LITERAL_CONVERSION = YES;
				CLANG_WARN_OBJC_ROOT_CLASS = YES_ERROR;
				CLANG_WARN_RANGE_LOOP_ANALYSIS = YES;
				CLANG_WARN_STRICT_PROTOTYPES = YES;
				CLANG_WARN_SUSPICIOUS_MOVE = YES;
				CLANG_WARN_UNGUARDED_AVAILABILITY = YES_AGGRESSIVE;
				CLANG_WARN_UNREACHABLE_CODE = YES;
				CLANG_WARN__DUPLICATE_METHOD_MATCH = YES;
				CODE_SIGN_IDENTITY = "iPhone Developer";
				COPY_PHASE_STRIP = NO;
				DEBUG_INFORMATION_FORMAT = dwarf;
				ENABLE_STRICT_OBJC_MSGSEND = YES;
				ENABLE_TESTABILITY = YES;
				GCC_C_LANGUAGE_STANDARD = gnu11;
				GCC_DYNAMIC_NO_PIC = NO;
				GCC_NO_COMMON_BLOCKS = YES;
				GCC_OPTIMIZATION_LEVEL = 0;
				GCC_PREPROCESSOR_DEFINITIONS = (
					"DEBUG=1",
					"$(inherited)",
				);
				GCC_WARN_64_TO_32_BIT_CONVERSION = YES;
				GCC_WARN_ABOUT_RETURN_TYPE = YES_ERROR;
				GCC_WARN_UNDECLARED_SELECTOR = YES;
				GCC_WARN_UNINITIALIZED_AUTOS = YES_AGGRESSIVE;
				GCC_WARN_UNUSED_FUNCTION = YES;
				GCC_WARN_UNUSED_VARIABLE = YES;
				IPHONEOS_DEPLOYMENT_TARGET = 11.2;
				MTL_ENABLE_DEBUG_INFO = YES;
				ONLY_ACTIVE_ARCH = YES;
				SDKROOT = iphoneos;
				SWIFT_ACTIVE_COMPILATION_CONDITIONS = DEBUG;
				SWIFT_OPTIMIZATION_LEVEL = "-Onone";
			};
			name = Debug;
		};
		F3D15484200EDA4B00CD1551 /* Release */ = {
			isa = XCBuildConfiguration;
			buildSettings = {
				ALWAYS_SEARCH_USER_PATHS = NO;
				CLANG_ANALYZER_NONNULL = YES;
				CLANG_ANALYZER_NUMBER_OBJECT_CONVERSION = YES_AGGRESSIVE;
				CLANG_CXX_LANGUAGE_STANDARD = "gnu++14";
				CLANG_CXX_LIBRARY = "libc++";
				CLANG_ENABLE_MODULES = YES;
				CLANG_ENABLE_OBJC_ARC = YES;
				CLANG_WARN_BLOCK_CAPTURE_AUTORELEASING = YES;
				CLANG_WARN_BOOL_CONVERSION = YES;
				CLANG_WARN_COMMA = YES;
				CLANG_WARN_CONSTANT_CONVERSION = YES;
				CLANG_WARN_DIRECT_OBJC_ISA_USAGE = YES_ERROR;
				CLANG_WARN_DOCUMENTATION_COMMENTS = YES;
				CLANG_WARN_EMPTY_BODY = YES;
				CLANG_WARN_ENUM_CONVERSION = YES;
				CLANG_WARN_INFINITE_RECURSION = YES;
				CLANG_WARN_INT_CONVERSION = YES;
				CLANG_WARN_NON_LITERAL_NULL_CONVERSION = YES;
				CLANG_WARN_OBJC_LITERAL_CONVERSION = YES;
				CLANG_WARN_OBJC_ROOT_CLASS = YES_ERROR;
				CLANG_WARN_RANGE_LOOP_ANALYSIS = YES;
				CLANG_WARN_STRICT_PROTOTYPES = YES;
				CLANG_WARN_SUSPICIOUS_MOVE = YES;
				CLANG_WARN_UNGUARDED_AVAILABILITY = YES_AGGRESSIVE;
				CLANG_WARN_UNREACHABLE_CODE = YES;
				CLANG_WARN__DUPLICATE_METHOD_MATCH = YES;
				CODE_SIGN_IDENTITY = "iPhone Developer";
				COPY_PHASE_STRIP = NO;
				DEBUG_INFORMATION_FORMAT = "dwarf-with-dsym";
				ENABLE_NS_ASSERTIONS = NO;
				ENABLE_STRICT_OBJC_MSGSEND = YES;
				GCC_C_LANGUAGE_STANDARD = gnu11;
				GCC_NO_COMMON_BLOCKS = YES;
				GCC_WARN_64_TO_32_BIT_CONVERSION = YES;
				GCC_WARN_ABOUT_RETURN_TYPE = YES_ERROR;
				GCC_WARN_UNDECLARED_SELECTOR = YES;
				GCC_WARN_UNINITIALIZED_AUTOS = YES_AGGRESSIVE;
				GCC_WARN_UNUSED_FUNCTION = YES;
				GCC_WARN_UNUSED_VARIABLE = YES;
				IPHONEOS_DEPLOYMENT_TARGET = 11.2;
				MTL_ENABLE_DEBUG_INFO = NO;
				SDKROOT = iphoneos;
				SWIFT_OPTIMIZATION_LEVEL = "-Owholemodule";
				VALIDATE_PRODUCT = YES;
			};
			name = Release;
		};
		F3D15486200EDA4B00CD1551 /* Debug */ = {
			isa = XCBuildConfiguration;
			buildSettings = {
				ASSETCATALOG_COMPILER_APPICON_NAME = AppIcon;
				CODE_SIGN_STYLE = Automatic;
				DEVELOPMENT_TEAM = 8VHXA3TE4B;
				INFOPLIST_FILE = FaceMaker_Story/Info.plist;
				IPHONEOS_DEPLOYMENT_TARGET = 10.0;
				LD_RUNPATH_SEARCH_PATHS = "$(inherited) @executable_path/Frameworks";
				PRODUCT_BUNDLE_IDENTIFIER = "Hong.FaceMaker-Story";
				PRODUCT_NAME = "$(TARGET_NAME)";
				SWIFT_VERSION = 4.0;
				TARGETED_DEVICE_FAMILY = "1,2";
			};
			name = Debug;
		};
		F3D15487200EDA4B00CD1551 /* Release */ = {
			isa = XCBuildConfiguration;
			buildSettings = {
				ASSETCATALOG_COMPILER_APPICON_NAME = AppIcon;
				CODE_SIGN_STYLE = Automatic;
				DEVELOPMENT_TEAM = 8VHXA3TE4B;
				INFOPLIST_FILE = FaceMaker_Story/Info.plist;
				IPHONEOS_DEPLOYMENT_TARGET = 10.0;
				LD_RUNPATH_SEARCH_PATHS = "$(inherited) @executable_path/Frameworks";
				PRODUCT_BUNDLE_IDENTIFIER = "Hong.FaceMaker-Story";
				PRODUCT_NAME = "$(TARGET_NAME)";
				SWIFT_VERSION = 4.0;
				TARGETED_DEVICE_FAMILY = "1,2";
			};
			name = Release;
		};
		F3D15489200EDA4B00CD1551 /* Debug */ = {
			isa = XCBuildConfiguration;
			buildSettings = {
				ALWAYS_EMBED_SWIFT_STANDARD_LIBRARIES = YES;
				BUNDLE_LOADER = "$(TEST_HOST)";
				CODE_SIGN_STYLE = Automatic;
				DEVELOPMENT_TEAM = 8VHXA3TE4B;
				INFOPLIST_FILE = FaceMaker_StoryTests/Info.plist;
				LD_RUNPATH_SEARCH_PATHS = "$(inherited) @executable_path/Frameworks @loader_path/Frameworks";
				PRODUCT_BUNDLE_IDENTIFIER = "Hong.FaceMaker-StoryTests";
				PRODUCT_NAME = "$(TARGET_NAME)";
				SWIFT_VERSION = 4.0;
				TARGETED_DEVICE_FAMILY = "1,2";
				TEST_HOST = "$(BUILT_PRODUCTS_DIR)/FaceMaker_Story.app/FaceMaker_Story";
			};
			name = Debug;
		};
		F3D1548A200EDA4B00CD1551 /* Release */ = {
			isa = XCBuildConfiguration;
			buildSettings = {
				ALWAYS_EMBED_SWIFT_STANDARD_LIBRARIES = YES;
				BUNDLE_LOADER = "$(TEST_HOST)";
				CODE_SIGN_STYLE = Automatic;
				DEVELOPMENT_TEAM = 8VHXA3TE4B;
				INFOPLIST_FILE = FaceMaker_StoryTests/Info.plist;
				LD_RUNPATH_SEARCH_PATHS = "$(inherited) @executable_path/Frameworks @loader_path/Frameworks";
				PRODUCT_BUNDLE_IDENTIFIER = "Hong.FaceMaker-StoryTests";
				PRODUCT_NAME = "$(TARGET_NAME)";
				SWIFT_VERSION = 4.0;
				TARGETED_DEVICE_FAMILY = "1,2";
				TEST_HOST = "$(BUILT_PRODUCTS_DIR)/FaceMaker_Story.app/FaceMaker_Story";
			};
			name = Release;
		};
		F3D1548C200EDA4B00CD1551 /* Debug */ = {
			isa = XCBuildConfiguration;
			buildSettings = {
				ALWAYS_EMBED_SWIFT_STANDARD_LIBRARIES = YES;
				CODE_SIGN_STYLE = Automatic;
				DEVELOPMENT_TEAM = 8VHXA3TE4B;
				INFOPLIST_FILE = FaceMaker_StoryUITests/Info.plist;
				LD_RUNPATH_SEARCH_PATHS = "$(inherited) @executable_path/Frameworks @loader_path/Frameworks";
				PRODUCT_BUNDLE_IDENTIFIER = "Hong.FaceMaker-StoryUITests";
				PRODUCT_NAME = "$(TARGET_NAME)";
				SWIFT_VERSION = 4.0;
				TARGETED_DEVICE_FAMILY = "1,2";
				TEST_TARGET_NAME = FaceMaker_Story;
			};
			name = Debug;
		};
		F3D1548D200EDA4B00CD1551 /* Release */ = {
			isa = XCBuildConfiguration;
			buildSettings = {
				ALWAYS_EMBED_SWIFT_STANDARD_LIBRARIES = YES;
				CODE_SIGN_STYLE = Automatic;
				DEVELOPMENT_TEAM = 8VHXA3TE4B;
				INFOPLIST_FILE = FaceMaker_StoryUITests/Info.plist;
				LD_RUNPATH_SEARCH_PATHS = "$(inherited) @executable_path/Frameworks @loader_path/Frameworks";
				PRODUCT_BUNDLE_IDENTIFIER = "Hong.FaceMaker-StoryUITests";
				PRODUCT_NAME = "$(TARGET_NAME)";
				SWIFT_VERSION = 4.0;
				TARGETED_DEVICE_FAMILY = "1,2";
				TEST_TARGET_NAME = FaceMaker_Story;
			};
			name = Release;
		};
/* End XCBuildConfiguration section */

/* Begin XCConfigurationList section */
		F3D15458200EDA4B00CD1551 /* Build configuration list for PBXProject "FaceMaker_Story" */ = {
			isa = XCConfigurationList;
			buildConfigurations = (
				F3D15483200EDA4B00CD1551 /* Debug */,
				F3D15484200EDA4B00CD1551 /* Release */,
			);
			defaultConfigurationIsVisible = 0;
			defaultConfigurationName = Release;
		};
		F3D15485200EDA4B00CD1551 /* Build configuration list for PBXNativeTarget "FaceMaker_Story" */ = {
			isa = XCConfigurationList;
			buildConfigurations = (
				F3D15486200EDA4B00CD1551 /* Debug */,
				F3D15487200EDA4B00CD1551 /* Release */,
			);
			defaultConfigurationIsVisible = 0;
			defaultConfigurationName = Release;
		};
		F3D15488200EDA4B00CD1551 /* Build configuration list for PBXNativeTarget "FaceMaker_StoryTests" */ = {
			isa = XCConfigurationList;
			buildConfigurations = (
				F3D15489200EDA4B00CD1551 /* Debug */,
				F3D1548A200EDA4B00CD1551 /* Release */,
			);
			defaultConfigurationIsVisible = 0;
			defaultConfigurationName = Release;
		};
		F3D1548B200EDA4B00CD1551 /* Build configuration list for PBXNativeTarget "FaceMaker_StoryUITests" */ = {
			isa = XCConfigurationList;
			buildConfigurations = (
				F3D1548C200EDA4B00CD1551 /* Debug */,
				F3D1548D200EDA4B00CD1551 /* Release */,
			);
			defaultConfigurationIsVisible = 0;
			defaultConfigurationName = Release;
		};
/* End XCConfigurationList section */
	};
	rootObject = F3D15455200EDA4B00CD1551 /* Project object */;
}
